<?xml version="1.0" encoding="utf-8"?>
<Project ToolsVersion="4.0" xmlns="http://schemas.microsoft.com/developer/msbuild/2003">
  <ItemGroup>
    <Filter Include="Source Files">
      <UniqueIdentifier>{4FC737F1-C7A5-4376-A066-2A32D752A2FF}</UniqueIdentifier>
      <Extensions>cpp;c;cc;cxx;c++;cppm;ixx;def;odl;idl;hpj;bat;asm;asmx</Extensions>
    </Filter>
    <Filter Include="Header Files">
      <UniqueIdentifier>{93995380-89BD-4b04-88EB-625FBE52EBFB}</UniqueIdentifier>
      <Extensions>h;hh;hpp;hxx;h++;hm;inl;inc;ipp;xsd</Extensions>
    </Filter>
    <Filter Include="Resource Files">
      <UniqueIdentifier>{67DA6AB6-F800-4c08-8B7A-83BB121AAD01}</UniqueIdentifier>
      <Extensions>rc;ico;cur;bmp;dlg;rc2;rct;bin;rgs;gif;jpg;jpeg;jpe;resx;tiff;tif;png;wav;mfcribbon-ms</Extensions>
    </Filter>
  </ItemGroup>
  <ItemGroup>
    <ClCompile Include="Library\Application.cpp">
      <Filter>Source Files</Filter>
    </ClCompile>
    <ClCompile Include="Library\gpu\SwapChain.cpp">
      <Filter>Source Files</Filter>
    </ClCompile>
    <ClCompile Include="Library\gpu\GPUContext.cpp">
      <Filter>Source Files</Filter>
    </ClCompile>
    <ClCompile Include="Library\gpu\GPUDriver.cpp">
      <Filter>Source Files</Filter>
    </ClCompile>
    <ClCompile Include="Library\DIBSurface.cpp">
      <Filter>Source Files</Filter>
    </ClCompile>
    <ClCompile Include="Library\FileSystemImpl.cpp">
      <Filter>Source Files</Filter>
    </ClCompile>
    <ClCompile Include="Library\FontLoaderImpl.cpp">
      <Filter>Source Files</Filter>
    </ClCompile>
    <ClCompile Include="Library\MonitorImpl.cpp">
      <Filter>Source Files</Filter>
    </ClCompile>
    <ClCompile Include="Library\ClipboardImpl.cpp">
      <Filter>Source Files</Filter>
    </ClCompile>
    <ClCompile Include="Library\FileLogger.cpp">
      <Filter>Source Files</Filter>
    </ClCompile>
    <ClCompile Include="Library\Window.cpp">
      <Filter>Source Files</Filter>
    </ClCompile>
    <ClCompile Include="Library\Overlay.cpp">
      <Filter>Source Files</Filter>
    </ClCompile>
    <ClCompile Include="Library\OverlayManager.cpp">
      <Filter>Source Files</Filter>
    </ClCompile>
    <ClCompile Include="source.cpp">
      <Filter>Source Files</Filter>
    </ClCompile>
  </ItemGroup>
  <ItemGroup>
    <ClInclude Include="Library\Application.h">
      <Filter>Header Files</Filter>
    </ClInclude>
    <ClInclude Include="Library\gpu\SwapChain.h">
      <Filter>Header Files</Filter>
    </ClInclude>
    <ClInclude Include="Library\gpu\GPUContext.h">
      <Filter>Header Files</Filter>
    </ClInclude>
    <ClInclude Include="Library\gpu\GPUDriver.h">
      <Filter>Header Files</Filter>
    </ClInclude>
    <ClInclude Include="Library\DIBSurface.h">
      <Filter>Header Files</Filter>
    </ClInclude>
    <ClInclude Include="Library\FileSystemImpl.h">
      <Filter>Header Files</Filter>
    </ClInclude>
    <ClInclude Include="Library\FontLoaderImpl.h">
      <Filter>Header Files</Filter>
    </ClInclude>
    <ClInclude Include="Library\TextAnalysisSource.h">
      <Filter>Header Files</Filter>
    </ClInclude>
    <ClInclude Include="Library\Monitor.h">
      <Filter>Header Files</Filter>
    </ClInclude>
    <ClInclude Include="Library\ClipboardImpl.h">
      <Filter>Header Files</Filter>
    </ClInclude>
    <ClInclude Include="Library\WindowsUtil.h">
      <Filter>Header Files</Filter>
    </ClInclude>
    <ClInclude Include="Library\FileLogger.h">
      <Filter>Header Files</Filter>
    </ClInclude>
    <ClInclude Include="Library\Window.h">
      <Filter>Header Files</Filter>
    </ClInclude>
    <ClInclude Include="Library\helpers\FileSystemHelpers.h">
      <Filter>Header Files</Filter>
    </ClInclude>
    <ClInclude Include="Library\helpers\LogHelpers.h">
      <Filter>Header Files</Filter>
    </ClInclude>
    <ClInclude Include="Library\Overlay.h">
      <Filter>Header Files</Filter>
    </ClInclude>
    <ClInclude Include="Library\OverlayManager.h">
      <Filter>Header Files</Filter>
    </ClInclude>
    <ClInclude Include="Library\RefCountedImpl.h">
      <Filter>Header Files</Filter>
    </ClInclude>
  </ItemGroup>
</Project>